
Microsoft Visual Studio Solution File, Format Version 12.00
# Visual Studio Version 17
VisualStudioVersion = 17.11.35327.3
MinimumVisualStudioVersion = 10.0.40219.1
Project("{FAE04EC0-301F-11D3-BF4B-00C04F79EFBC}") = "TestDemo3", "TestDemo3\TestDemo3.csproj", "{BD517758-6C6D-4684-B140-69B5E89FF3DE}"
EndProject
Project("{FAE04EC0-301F-11D3-BF4B-00C04F79EFBC}") = "TestDemo3API", "TestDemo3API\TestDemo3API.csproj", "{C97F7245-1D68-4633-910A-EDE551F2E24E}"
EndProject
Global
	GlobalSection(SolutionConfigurationPlatforms) = preSolution
		Debug|Any CPU = Debug|Any CPU
		Release|Any CPU = Release|Any CPU
	EndGlobalSection
	GlobalSection(ProjectConfigurationPlatforms) = postSolution
		{BD517758-6C6D-4684-B140-69B5E89FF3DE}.Debug|Any CPU.ActiveCfg = Debug|Any CPU
		{BD517758-6C6D-4684-B140-69B5E89FF3DE}.Debug|Any CPU.Build.0 = Debug|Any CPU
		{BD517758-6C6D-4684-B140-69B5E89FF3DE}.Release|Any CPU.ActiveCfg = Release|Any CPU
		{BD517758-6C6D-4684-B140-69B5E89FF3DE}.Release|Any CPU.Build.0 = Release|Any CPU
		{C97F7245-1D68-4633-910A-EDE551F2E24E}.Debug|Any CPU.ActiveCfg = Debug|Any CPU
		{C97F7245-1D68-4633-910A-EDE551F2E24E}.Debug|Any CPU.Build.0 = Debug|Any CPU
		{C97F7245-1D68-4633-910A-EDE551F2E24E}.Release|Any CPU.ActiveCfg = Release|Any CPU
		{C97F7245-1D68-4633-910A-EDE551F2E24E}.Release|Any CPU.Build.0 = Release|Any CPU
	EndGlobalSection
	GlobalSection(SolutionProperties) = preSolution
		HideSolutionNode = FALSE
	EndGlobalSection
	GlobalSection(ExtensibilityGlobals) = postSolution
		SolutionGuid = {E59ED792-362C-4346-BEF9-2D42417FA450}
	EndGlobalSection
EndGlobal
